
Microsoft Visual Studio Solution File, Format Version 12.00
# Visual Studio Version 16
VisualStudioVersion = 16.0.31729.503
MinimumVisualStudioVersion = 10.0.40219.1
Project("{8BC9CEB8-8B4A-11D0-8D11-00A0C91BC942}") = "BAI1", "BAI1\BAI1.vcxproj", "{C431AC67-7540-422E-80FB-3506A43E577F}"
EndProject
Project("{8BC9CEB8-8B4A-11D0-8D11-00A0C91BC942}") = "BAI2", "BAI2\BAI2.vcxproj", "{3694001E-6FA5-475E-A603-27672BCF1369}"
EndProject
Project("{8BC9CEB8-8B4A-11D0-8D11-00A0C91BC942}") = "BAI3", "BAI3\BAI3.vcxproj", "{5A4832AB-0FA0-400F-95EC-08162A558746}"
EndProject
Global
	GlobalSection(SolutionConfigurationPlatforms) = preSolution
		Debug|x64 = Debug|x64
		Debug|x86 = Debug|x86
		Release|x64 = Release|x64
		Release|x86 = Release|x86
	EndGlobalSection
	GlobalSection(ProjectConfigurationPlatforms) = postSolution
		{C431AC67-7540-422E-80FB-3506A43E577F}.Debug|x64.ActiveCfg = Debug|x64
		{C431AC67-7540-422E-80FB-3506A43E577F}.Debug|x64.Build.0 = Debug|x64
		{C431AC67-7540-422E-80FB-3506A43E577F}.Debug|x86.ActiveCfg = Debug|Win32
		{C431AC67-7540-422E-80FB-3506A43E577F}.Debug|x86.Build.0 = Debug|Win32
		{C431AC67-7540-422E-80FB-3506A43E577F}.Release|x64.ActiveCfg = Release|x64
		{C431AC67-7540-422E-80FB-3506A43E577F}.Release|x64.Build.0 = Release|x64
		{C431AC67-7540-422E-80FB-3506A43E577F}.Release|x86.ActiveCfg = Release|Win32
		{C431AC67-7540-422E-80FB-3506A43E577F}.Release|x86.Build.0 = Release|Win32
		{3694001E-6FA5-475E-A603-27672BCF1369}.Debug|x64.ActiveCfg = Debug|x64
		{3694001E-6FA5-475E-A603-27672BCF1369}.Debug|x64.Build.0 = Debug|x64
		{3694001E-6FA5-475E-A603-27672BCF1369}.Debug|x86.ActiveCfg = Debug|Win32
		{3694001E-6FA5-475E-A603-27672BCF1369}.Debug|x86.Build.0 = Debug|Win32
		{3694001E-6FA5-475E-A603-27672BCF1369}.Release|x64.ActiveCfg = Release|x64
		{3694001E-6FA5-475E-A603-27672BCF1369}.Release|x64.Build.0 = Release|x64
		{3694001E-6FA5-475E-A603-27672BCF1369}.Release|x86.ActiveCfg = Release|Win32
		{3694001E-6FA5-475E-A603-27672BCF1369}.Release|x86.Build.0 = Release|Win32
		{5A4832AB-0FA0-400F-95EC-08162A558746}.Debug|x64.ActiveCfg = Debug|x64
		{5A4832AB-0FA0-400F-95EC-08162A558746}.Debug|x64.Build.0 = Debug|x64
		{5A4832AB-0FA0-400F-95EC-08162A558746}.Debug|x86.ActiveCfg = Debug|Win32
		{5A4832AB-0FA0-400F-95EC-08162A558746}.Debug|x86.Build.0 = Debug|Win32
		{5A4832AB-0FA0-400F-95EC-08162A558746}.Release|x64.ActiveCfg = Release|x64
		{5A4832AB-0FA0-400F-95EC-08162A558746}.Release|x64.Build.0 = Release|x64
		{5A4832AB-0FA0-400F-95EC-08162A558746}.Release|x86.ActiveCfg = Release|Win32
		{5A4832AB-0FA0-400F-95EC-08162A558746}.Release|x86.Build.0 = Release|Win32
	EndGlobalSection
	GlobalSection(SolutionProperties) = preSolution
		HideSolutionNode = FALSE
	EndGlobalSection
	GlobalSection(ExtensibilityGlobals) = postSolution
		SolutionGuid = {85E325DC-08D4-47C8-8D7C-9AFE3B19B284}
	EndGlobalSection
EndGlobal
